<?xml version="1.0" encoding="utf-8"?>
<Project ToolsVersion="4.0" xmlns="http://schemas.microsoft.com/developer/msbuild/2003">
  <ItemGroup>
    <Filter Include="Source Files">
      <UniqueIdentifier>{4FC737F1-C7A5-4376-A066-2A32D752A2FF}</UniqueIdentifier>
      <Extensions>cpp;c;cc;cxx;def;odl;idl;hpj;bat;asm;asmx</Extensions>
    </Filter>
    <Filter Include="Header Files">
      <UniqueIdentifier>{93995380-89BD-4b04-88EB-625FBE52EBFB}</UniqueIdentifier>
      <Extensions>h;hh;hpp;hxx;hm;inl;inc;xsd</Extensions>
    </Filter>
    <Filter Include="Resource Files">
      <UniqueIdentifier>{67DA6AB6-F800-4c08-8B7A-83BB121AAD01}</UniqueIdentifier>
      <Extensions>rc;ico;cur;bmp;dlg;rc2;rct;bin;rgs;gif;jpg;jpeg;jpe;resx;tiff;tif;png;wav;mfcribbon-ms</Extensions>
    </Filter>
    <Filter Include="Image and Sound">
      <UniqueIdentifier>{399e8c02-44f4-47e6-aaa3-d57a5efa66c0}</UniqueIdentifier>
    </Filter>
    <Filter Include="Image and Sound\Mario">
      <UniqueIdentifier>{f60aad08-fea8-49c7-9a3b-3ac319aec8ac}</UniqueIdentifier>
    </Filter>
    <Filter Include="Image and Sound\environment">
      <UniqueIdentifier>{4b81ed72-c216-42a8-9b7b-558dcbc373a4}</UniqueIdentifier>
    </Filter>
    <Filter Include="Image and Sound\environment\1up">
      <UniqueIdentifier>{72b2175a-6651-4471-a280-11fef37453eb}</UniqueIdentifier>
    </Filter>
    <Filter Include="Image and Sound\environment\Blocks">
      <UniqueIdentifier>{d41cd18a-14a6-4002-a8d1-485555db3981}</UniqueIdentifier>
    </Filter>
    <Filter Include="Image and Sound\environment\Blocks\Dust">
      <UniqueIdentifier>{cc9dc780-3180-4d80-bb14-7ace47a07c7c}</UniqueIdentifier>
    </Filter>
    <Filter Include="Image and Sound\environment\Blocks\Question block frames">
      <UniqueIdentifier>{734201d6-9f70-4136-b0d8-356dc6b43e63}</UniqueIdentifier>
    </Filter>
    <Filter Include="Image and Sound\environment\Flag pole">
      <UniqueIdentifier>{aad5af41-67b3-4447-b33b-6a7445bd2cf2}</UniqueIdentifier>
    </Filter>
    <Filter Include="Image and Sound\environment\Physics">
      <UniqueIdentifier>{641da84d-c9ad-4a4a-8eba-ae1c32af8435}</UniqueIdentifier>
    </Filter>
    <Filter Include="Image and Sound\environment\Rewards">
      <UniqueIdentifier>{60c7b456-0263-4683-9954-e9b853c06d47}</UniqueIdentifier>
    </Filter>
    <Filter Include="Image and Sound\environment\score">
      <UniqueIdentifier>{57ec5c9d-dcb1-4a4f-9a80-aaa6f4d8d8b0}</UniqueIdentifier>
    </Filter>
    <Filter Include="Image and Sound\Enemies">
      <UniqueIdentifier>{06abede6-ac00-4084-84b8-2c48f0f57e50}</UniqueIdentifier>
    </Filter>
    <Filter Include="Image and Sound\Enemies\Goomba">
      <UniqueIdentifier>{fd4d5f52-a2d8-415d-a8a5-b6faae235e6b}</UniqueIdentifier>
    </Filter>
    <Filter Include="Image and Sound\Enemies\Modified">
      <UniqueIdentifier>{24ef52b4-623c-4cf5-9bba-1f5d756483f4}</UniqueIdentifier>
    </Filter>
    <Filter Include="Image and Sound\Sounds">
      <UniqueIdentifier>{7390f531-b66e-4c51-9ab4-513901801a1a}</UniqueIdentifier>
    </Filter>
  </ItemGroup>
  <ItemGroup>
    <ClCompile Include="main.cpp">
      <Filter>Source Files</Filter>
    </ClCompile>
  </ItemGroup>
  <ItemGroup>
    <ClInclude Include="Variables.h">
      <Filter>Header Files</Filter>
    </ClInclude>
    <ClInclude Include="loader.h">
      <Filter>Header Files</Filter>
    </ClInclude>
    <ClInclude Include="otherStuff.h">
      <Filter>Header Files</Filter>
    </ClInclude>
    <ClInclude Include="mapHandling.h">
      <Filter>Header Files</Filter>
    </ClInclude>
    <ClInclude Include="resource.h">
      <Filter>Header Files</Filter>
    </ClInclude>
    <ClInclude Include="mapHandlingDetails.h">
      <Filter>Header Files</Filter>
    </ClInclude>
    <ClInclude Include="MarioEvents.h">
      <Filter>Header Files</Filter>
    </ClInclude>
    <ClInclude Include="Phy and movement.h">
      <Filter>Header Files</Filter>
    </ClInclude>
    <ClInclude Include="Enemies.h">
      <Filter>Header Files</Filter>
    </ClInclude>
    <ClInclude Include="enemyPhy and Movement.h">
      <Filter>Header Files</Filter>
    </ClInclude>
  </ItemGroup>
  <ItemGroup>
    <Image Include="D:\Mario\Mario clone solution\rugga help\Mario\jump.png">
      <Filter>Image and Sound\Mario</Filter>
    </Image>
    <Image Include="D:\Mario\Mario clone solution\rugga help\Mario\JumpFire.png">
      <Filter>Image and Sound\Mario</Filter>
    </Image>
    <Image Include="D:\Mario\Mario clone solution\rugga help\Mario\marioHammerHit1.png">
      <Filter>Image and Sound\Mario</Filter>
    </Image>
    <Image Include="D:\Mario\Mario clone solution\rugga help\Mario\marioHammerHit2.png">
      <Filter>Image and Sound\Mario</Filter>
    </Image>
    <Image Include="D:\Mario\Mario clone solution\rugga help\Mario\marioHammerHit3.png">
      <Filter>Image and Sound\Mario</Filter>
    </Image>
    <Image Include="D:\Mario\Mario clone solution\rugga help\Mario\paper_mario_.png">
      <Filter>Image and Sound\Mario</Filter>
    </Image>
    <Image Include="D:\Mario\Mario clone solution\rugga help\Mario\still.png">
      <Filter>Image and Sound\Mario</Filter>
    </Image>
    <Image Include="D:\Mario\Mario clone solution\rugga help\Mario\stillFire.png">
      <Filter>Image and Sound\Mario</Filter>
    </Image>
    <Image Include="D:\Mario\Mario clone solution\rugga help\Mario\walk.png">
      <Filter>Image and Sound\Mario</Filter>
    </Image>
    <Image Include="D:\Mario\Mario clone solution\rugga help\Mario\walkFire.png">
      <Filter>Image and Sound\Mario</Filter>
    </Image>
    <Image Include="D:\Mario\Mario clone solution\rugga help\environment\airTile.png">
      <Filter>Image and Sound\environment</Filter>
    </Image>
    <Image Include="D:\Mario\Mario clone solution\rugga help\environment\cloud.png">
      <Filter>Image and Sound\environment</Filter>
    </Image>
    <Image Include="D:\Mario\Mario clone solution\rugga help\environment\PipeDleft.png">
      <Filter>Image and Sound\environment</Filter>
    </Image>
    <Image Include="D:\Mario\Mario clone solution\rugga help\environment\PipeDright.png">
      <Filter>Image and Sound\environment</Filter>
    </Image>
    <Image Include="D:\Mario\Mario clone solution\rugga help\environment\PipeULeft.png">
      <Filter>Image and Sound\environment</Filter>
    </Image>
    <Image Include="D:\Mario\Mario clone solution\rugga help\environment\PipeUright.png">
      <Filter>Image and Sound\environment</Filter>
    </Image>
    <Image Include="D:\Mario\Mario clone solution\rugga help\environment\star.PNG">
      <Filter>Image and Sound\environment</Filter>
    </Image>
    <Image Include="D:\Mario\Mario clone solution\rugga help\environment\1up\1up.png">
      <Filter>Image and Sound\environment\1up</Filter>
    </Image>
    <Image Include="D:\Mario\Mario clone solution\rugga help\environment\1up\1up_1.png">
      <Filter>Image and Sound\environment\1up</Filter>
    </Image>
    <Image Include="D:\Mario\Mario clone solution\rugga help\environment\1up\1up_2.png">
      <Filter>Image and Sound\environment\1up</Filter>
    </Image>
    <Image Include="D:\Mario\Mario clone solution\rugga help\environment\1up\1up_3.png">
      <Filter>Image and Sound\environment\1up</Filter>
    </Image>
    <Image Include="D:\Mario\Mario clone solution\rugga help\environment\1up\1up_4.png">
      <Filter>Image and Sound\environment\1up</Filter>
    </Image>
    <Image Include="D:\Mario\Mario clone solution\rugga help\environment\1up\1up_5.png">
      <Filter>Image and Sound\environment\1up</Filter>
    </Image>
    <Image Include="D:\Mario\Mario clone solution\rugga help\environment\1up\1up_6.png">
      <Filter>Image and Sound\environment\1up</Filter>
    </Image>
    <Image Include="D:\Mario\Mario clone solution\rugga help\environment\1up\1up_7.png">
      <Filter>Image and Sound\environment\1up</Filter>
    </Image>
    <Image Include="D:\Mario\Mario clone solution\rugga help\environment\1up\1up_8.png">
      <Filter>Image and Sound\environment\1up</Filter>
    </Image>
    <Image Include="D:\Mario\Mario clone solution\rugga help\environment\1up\1up_9.png">
      <Filter>Image and Sound\environment\1up</Filter>
    </Image>
    <Image Include="D:\Mario\Mario clone solution\rugga help\environment\1up\1up_10.png">
      <Filter>Image and Sound\environment\1up</Filter>
    </Image>
    <Image Include="D:\Mario\Mario clone solution\rugga help\environment\1up\1up_11.png">
      <Filter>Image and Sound\environment\1up</Filter>
    </Image>
    <Image Include="D:\Mario\Mario clone solution\rugga help\environment\1up\1up_12.png">
      <Filter>Image and Sound\environment\1up</Filter>
    </Image>
    <Image Include="D:\Mario\Mario clone solution\rugga help\environment\1up\1up_13.png">
      <Filter>Image and Sound\environment\1up</Filter>
    </Image>
    <Image Include="D:\Mario\Mario clone solution\rugga help\environment\1up\1up_14.png">
      <Filter>Image and Sound\environment\1up</Filter>
    </Image>
    <Image Include="D:\Mario\Mario clone solution\rugga help\environment\1up\1up_15.png">
      <Filter>Image and Sound\environment\1up</Filter>
    </Image>
    <Image Include="D:\Mario\Mario clone solution\rugga help\environment\1up\1up_16.png">
      <Filter>Image and Sound\environment\1up</Filter>
    </Image>
    <Image Include="D:\Mario\Mario clone solution\rugga help\environment\1up\1up_17.png">
      <Filter>Image and Sound\environment\1up</Filter>
    </Image>
    <Image Include="D:\Mario\Mario clone solution\rugga help\environment\1up\1upText_1.png">
      <Filter>Image and Sound\environment\1up</Filter>
    </Image>
    <Image Include="D:\Mario\Mario clone solution\rugga help\environment\1up\1upText_2.png">
      <Filter>Image and Sound\environment\1up</Filter>
    </Image>
    <Image Include="D:\Mario\Mario clone solution\rugga help\environment\1up\1upText_3.png">
      <Filter>Image and Sound\environment\1up</Filter>
    </Image>
    <Image Include="D:\Mario\Mario clone solution\rugga help\environment\1up\1upText_4.png">
      <Filter>Image and Sound\environment\1up</Filter>
    </Image>
    <Image Include="D:\Mario\Mario clone solution\rugga help\environment\1up\1upText_5.png">
      <Filter>Image and Sound\environment\1up</Filter>
    </Image>
    <Image Include="D:\Mario\Mario clone solution\rugga help\environment\1up\1upText_6.png">
      <Filter>Image and Sound\environment\1up</Filter>
    </Image>
    <Image Include="D:\Mario\Mario clone solution\rugga help\environment\1up\1upText_7.png">
      <Filter>Image and Sound\environment\1up</Filter>
    </Image>
    <Image Include="D:\Mario\Mario clone solution\rugga help\environment\Blocks\empty block.png">
      <Filter>Image and Sound\environment\Blocks</Filter>
    </Image>
    <Image Include="D:\Mario\Mario clone solution\rugga help\environment\Blocks\solid block.png">
      <Filter>Image and Sound\environment\Blocks</Filter>
    </Image>
    <Image Include="D:\Mario\Mario clone solution\rugga help\environment\Blocks\Dust\dust1.png">
      <Filter>Image and Sound\environment\Blocks\Dust</Filter>
    </Image>
    <Image Include="D:\Mario\Mario clone solution\rugga help\environment\Blocks\Dust\dust2.png">
      <Filter>Image and Sound\environment\Blocks\Dust</Filter>
    </Image>
    <Image Include="D:\Mario\Mario clone solution\rugga help\environment\Blocks\Dust\dust3.png">
      <Filter>Image and Sound\environment\Blocks\Dust</Filter>
    </Image>
    <Image Include="D:\Mario\Mario clone solution\rugga help\environment\Blocks\Dust\dust4.png">
      <Filter>Image and Sound\environment\Blocks\Dust</Filter>
    </Image>
    <Image Include="D:\Mario\Mario clone solution\rugga help\environment\Blocks\Dust\dust5.png">
      <Filter>Image and Sound\environment\Blocks\Dust</Filter>
    </Image>
    <Image Include="D:\Mario\Mario clone solution\rugga help\environment\Blocks\Dust\dust6.png">
      <Filter>Image and Sound\environment\Blocks\Dust</Filter>
    </Image>
    <Image Include="D:\Mario\Mario clone solution\rugga help\environment\Blocks\Dust\dust7.png">
      <Filter>Image and Sound\environment\Blocks\Dust</Filter>
    </Image>
    <Image Include="D:\Mario\Mario clone solution\rugga help\environment\Blocks\Dust\dust8.png">
      <Filter>Image and Sound\environment\Blocks\Dust</Filter>
    </Image>
    <Image Include="D:\Mario\Mario clone solution\rugga help\environment\Blocks\Dust\dust9.png">
      <Filter>Image and Sound\environment\Blocks\Dust</Filter>
    </Image>
    <Image Include="D:\Mario\Mario clone solution\rugga help\environment\Blocks\Question block frames\Question block001.png">
      <Filter>Image and Sound\environment\Blocks\Question block frames</Filter>
    </Image>
    <Image Include="D:\Mario\Mario clone solution\rugga help\environment\Blocks\Question block frames\Question block003.png">
      <Filter>Image and Sound\environment\Blocks\Question block frames</Filter>
    </Image>
    <Image Include="D:\Mario\Mario clone solution\rugga help\environment\Blocks\Question block frames\Question block005.png">
      <Filter>Image and Sound\environment\Blocks\Question block frames</Filter>
    </Image>
    <Image Include="D:\Mario\Mario clone solution\rugga help\environment\Blocks\Question block frames\Question block007.png">
      <Filter>Image and Sound\environment\Blocks\Question block frames</Filter>
    </Image>
    <Image Include="D:\Mario\Mario clone solution\rugga help\environment\Blocks\Question block frames\Question block009.png">
      <Filter>Image and Sound\environment\Blocks\Question block frames</Filter>
    </Image>
    <Image Include="D:\Mario\Mario clone solution\rugga help\environment\Blocks\Question block frames\Question block011.png">
      <Filter>Image and Sound\environment\Blocks\Question block frames</Filter>
    </Image>
    <Image Include="D:\Mario\Mario clone solution\rugga help\environment\Blocks\Question block frames\Question block013.png">
      <Filter>Image and Sound\environment\Blocks\Question block frames</Filter>
    </Image>
    <Image Include="D:\Mario\Mario clone solution\rugga help\environment\Blocks\Question block frames\Question block015.png">
      <Filter>Image and Sound\environment\Blocks\Question block frames</Filter>
    </Image>
    <Image Include="D:\Mario\Mario clone solution\rugga help\environment\Blocks\Question block frames\Question block017.png">
      <Filter>Image and Sound\environment\Blocks\Question block frames</Filter>
    </Image>
    <Image Include="D:\Mario\Mario clone solution\rugga help\environment\Blocks\Question block frames\Question block019.png">
      <Filter>Image and Sound\environment\Blocks\Question block frames</Filter>
    </Image>
    <Image Include="D:\Mario\Mario clone solution\rugga help\environment\Blocks\Question block frames\Question block021.png">
      <Filter>Image and Sound\environment\Blocks\Question block frames</Filter>
    </Image>
    <Image Include="D:\Mario\Mario clone solution\rugga help\environment\Blocks\Question block frames\Question block023.png">
      <Filter>Image and Sound\environment\Blocks\Question block frames</Filter>
    </Image>
    <Image Include="D:\Mario\Mario clone solution\rugga help\environment\Blocks\Question block frames\Question block025.png">
      <Filter>Image and Sound\environment\Blocks\Question block frames</Filter>
    </Image>
    <Image Include="D:\Mario\Mario clone solution\rugga help\environment\Blocks\Question block frames\Question block027.png">
      <Filter>Image and Sound\environment\Blocks\Question block frames</Filter>
    </Image>
    <Image Include="D:\Mario\Mario clone solution\rugga help\environment\Blocks\Question block frames\Question block029.png">
      <Filter>Image and Sound\environment\Blocks\Question block frames</Filter>
    </Image>
    <Image Include="D:\Mario\Mario clone solution\rugga help\environment\Blocks\Question block frames\Question block031.png">
      <Filter>Image and Sound\environment\Blocks\Question block frames</Filter>
    </Image>
    <Image Include="D:\Mario\Mario clone solution\rugga help\environment\Blocks\Question block frames\Question block033.png">
      <Filter>Image and Sound\environment\Blocks\Question block frames</Filter>
    </Image>
    <Image Include="D:\Mario\Mario clone solution\rugga help\environment\Blocks\Question block frames\Question block035.png">
      <Filter>Image and Sound\environment\Blocks\Question block frames</Filter>
    </Image>
    <Image Include="D:\Mario\Mario clone solution\rugga help\environment\Blocks\Question block frames\Question block037.png">
      <Filter>Image and Sound\environment\Blocks\Question block frames</Filter>
    </Image>
    <Image Include="D:\Mario\Mario clone solution\rugga help\environment\Blocks\Question block frames\Question block039.png">
      <Filter>Image and Sound\environment\Blocks\Question block frames</Filter>
    </Image>
    <Image Include="D:\Mario\Mario clone solution\rugga help\environment\Blocks\Question block frames\Question block041.png">
      <Filter>Image and Sound\environment\Blocks\Question block frames</Filter>
    </Image>
    <Image Include="D:\Mario\Mario clone solution\rugga help\environment\Blocks\Question block frames\Question block043.png">
      <Filter>Image and Sound\environment\Blocks\Question block frames</Filter>
    </Image>
    <Image Include="D:\Mario\Mario clone solution\rugga help\environment\Blocks\Question block frames\Question block045.png">
      <Filter>Image and Sound\environment\Blocks\Question block frames</Filter>
    </Image>
    <Image Include="D:\Mario\Mario clone solution\rugga help\environment\Blocks\Question block frames\Question block047.png">
      <Filter>Image and Sound\environment\Blocks\Question block frames</Filter>
    </Image>
    <Image Include="D:\Mario\Mario clone solution\rugga help\environment\Blocks\Question block frames\Question block049.png">
      <Filter>Image and Sound\environment\Blocks\Question block frames</Filter>
    </Image>
    <Image Include="D:\Mario\Mario clone solution\rugga help\environment\Blocks\Question block frames\Question block051.png">
      <Filter>Image and Sound\environment\Blocks\Question block frames</Filter>
    </Image>
    <Image Include="D:\Mario\Mario clone solution\rugga help\environment\Blocks\Question block frames\Question block053.png">
      <Filter>Image and Sound\environment\Blocks\Question block frames</Filter>
    </Image>
    <Image Include="D:\Mario\Mario clone solution\rugga help\environment\Flag pole\FlagBottomLeft.png">
      <Filter>Image and Sound\environment\Flag pole</Filter>
    </Image>
    <Image Include="D:\Mario\Mario clone solution\rugga help\environment\Flag pole\FlagBottomLeftX.png">
      <Filter>Image and Sound\environment\Flag pole</Filter>
    </Image>
    <Image Include="D:\Mario\Mario clone solution\rugga help\environment\Flag pole\FlagBottomRight.png">
      <Filter>Image and Sound\environment\Flag pole</Filter>
    </Image>
    <Image Include="D:\Mario\Mario clone solution\rugga help\environment\Flag pole\flagEndLeft1.png">
      <Filter>Image and Sound\environment\Flag pole</Filter>
    </Image>
    <Image Include="D:\Mario\Mario clone solution\rugga help\environment\Flag pole\flagEndRight1.png">
      <Filter>Image and Sound\environment\Flag pole</Filter>
    </Image>
    <Image Include="D:\Mario\Mario clone solution\rugga help\environment\Flag pole\flagEndRight2.png">
      <Filter>Image and Sound\environment\Flag pole</Filter>
    </Image>
    <Image Include="D:\Mario\Mario clone solution\rugga help\environment\Flag pole\midwayFlagBottom.png">
      <Filter>Image and Sound\environment\Flag pole</Filter>
    </Image>
    <Image Include="D:\Mario\Mario clone solution\rugga help\environment\Flag pole\midwayFlagTop.png">
      <Filter>Image and Sound\environment\Flag pole</Filter>
    </Image>
    <Image Include="D:\Mario\Mario clone solution\rugga help\environment\Flag pole\pole1.png">
      <Filter>Image and Sound\environment\Flag pole</Filter>
    </Image>
    <Image Include="D:\Mario\Mario clone solution\rugga help\environment\Flag pole\pole2.png">
      <Filter>Image and Sound\environment\Flag pole</Filter>
    </Image>
    <Image Include="D:\Mario\Mario clone solution\rugga help\environment\Flag pole\pole3.png">
      <Filter>Image and Sound\environment\Flag pole</Filter>
    </Image>
    <Image Include="D:\Mario\Mario clone solution\rugga help\environment\Flag pole\pole4.png">
      <Filter>Image and Sound\environment\Flag pole</Filter>
    </Image>
    <Image Include="D:\Mario\Mario clone solution\rugga help\environment\Flag pole\pole5.png">
      <Filter>Image and Sound\environment\Flag pole</Filter>
    </Image>
    <Image Include="D:\Mario\Mario clone solution\rugga help\environment\Flag pole\pole5Left.png">
      <Filter>Image and Sound\environment\Flag pole</Filter>
    </Image>
    <Image Include="D:\Mario\Mario clone solution\rugga help\environment\Flag pole\pole6.png">
      <Filter>Image and Sound\environment\Flag pole</Filter>
    </Image>
    <Image Include="D:\Mario\Mario clone solution\rugga help\environment\Flag pole\poleRight.png">
      <Filter>Image and Sound\environment\Flag pole</Filter>
    </Image>
    <Image Include="D:\Mario\Mario clone solution\rugga help\environment\Physics\Brick.png">
      <Filter>Image and Sound\environment\Physics</Filter>
    </Image>
    <Image Include="D:\Mario\Mario clone solution\rugga help\environment\Physics\groundBottom.png">
      <Filter>Image and Sound\environment\Physics</Filter>
    </Image>
    <Image Include="D:\Mario\Mario clone solution\rugga help\environment\Physics\groundTop.png">
      <Filter>Image and Sound\environment\Physics</Filter>
    </Image>
    <Image Include="D:\Mario\Mario clone solution\rugga help\environment\Rewards\coin001.png">
      <Filter>Image and Sound\environment\Rewards</Filter>
    </Image>
    <Image Include="D:\Mario\Mario clone solution\rugga help\environment\Rewards\coin002.png">
      <Filter>Image and Sound\environment\Rewards</Filter>
    </Image>
    <Image Include="D:\Mario\Mario clone solution\rugga help\environment\Rewards\coin003.png">
      <Filter>Image and Sound\environment\Rewards</Filter>
    </Image>
    <Image Include="D:\Mario\Mario clone solution\rugga help\environment\Rewards\coin004.png">
      <Filter>Image and Sound\environment\Rewards</Filter>
    </Image>
    <Image Include="D:\Mario\Mario clone solution\rugga help\environment\Rewards\coin005.png">
      <Filter>Image and Sound\environment\Rewards</Filter>
    </Image>
    <Image Include="D:\Mario\Mario clone solution\rugga help\environment\Rewards\coin006.png">
      <Filter>Image and Sound\environment\Rewards</Filter>
    </Image>
    <Image Include="D:\Mario\Mario clone solution\rugga help\environment\Rewards\FireFlower1.png">
      <Filter>Image and Sound\environment\Rewards</Filter>
    </Image>
    <Image Include="D:\Mario\Mario clone solution\rugga help\environment\Rewards\FireFlower2.png">
      <Filter>Image and Sound\environment\Rewards</Filter>
    </Image>
    <Image Include="D:\Mario\Mario clone solution\rugga help\environment\Rewards\FireFlower3.png">
      <Filter>Image and Sound\environment\Rewards</Filter>
    </Image>
    <Image Include="D:\Mario\Mario clone solution\rugga help\environment\Rewards\FireFlower4.png">
      <Filter>Image and Sound\environment\Rewards</Filter>
    </Image>
    <Image Include="D:\Mario\Mario clone solution\rugga help\environment\Rewards\FireFlower5.png">
      <Filter>Image and Sound\environment\Rewards</Filter>
    </Image>
    <Image Include="D:\Mario\Mario clone solution\rugga help\environment\Rewards\FireFlower6.png">
      <Filter>Image and Sound\environment\Rewards</Filter>
    </Image>
    <Image Include="D:\Mario\Mario clone solution\rugga help\environment\Rewards\FireFlower7.png">
      <Filter>Image and Sound\environment\Rewards</Filter>
    </Image>
    <Image Include="D:\Mario\Mario clone solution\rugga help\environment\Rewards\FireFlower8.png">
      <Filter>Image and Sound\environment\Rewards</Filter>
    </Image>
    <Image Include="D:\Mario\Mario clone solution\rugga help\environment\Rewards\FireFlower9.png">
      <Filter>Image and Sound\environment\Rewards</Filter>
    </Image>
    <Image Include="D:\Mario\Mario clone solution\rugga help\environment\Rewards\FireFlower10.png">
      <Filter>Image and Sound\environment\Rewards</Filter>
    </Image>
    <Image Include="D:\Mario\Mario clone solution\rugga help\environment\Rewards\FireFlower11.png">
      <Filter>Image and Sound\environment\Rewards</Filter>
    </Image>
    <Image Include="D:\Mario\Mario clone solution\rugga help\environment\Rewards\FireFlower12.png">
      <Filter>Image and Sound\environment\Rewards</Filter>
    </Image>
    <Image Include="D:\Mario\Mario clone solution\rugga help\environment\score\100_1.png">
      <Filter>Image and Sound\environment\score</Filter>
    </Image>
    <Image Include="D:\Mario\Mario clone solution\rugga help\environment\score\100_2.png">
      <Filter>Image and Sound\environment\score</Filter>
    </Image>
    <Image Include="D:\Mario\Mario clone solution\rugga help\environment\score\100_3.png">
      <Filter>Image and Sound\environment\score</Filter>
    </Image>
    <Image Include="D:\Mario\Mario clone solution\rugga help\environment\score\100_4.png">
      <Filter>Image and Sound\environment\score</Filter>
    </Image>
    <Image Include="D:\Mario\Mario clone solution\rugga help\environment\score\100_5.png">
      <Filter>Image and Sound\environment\score</Filter>
    </Image>
    <Image Include="D:\Mario\Mario clone solution\rugga help\environment\score\100_6.png">
      <Filter>Image and Sound\environment\score</Filter>
    </Image>
    <Image Include="D:\Mario\Mario clone solution\rugga help\environment\score\100_7.png">
      <Filter>Image and Sound\environment\score</Filter>
    </Image>
    <Image Include="D:\Mario\Mario clone solution\rugga help\environment\score\100_8.png">
      <Filter>Image and Sound\environment\score</Filter>
    </Image>
    <Image Include="D:\Mario\Mario clone solution\rugga help\environment\score\100_9.png">
      <Filter>Image and Sound\environment\score</Filter>
    </Image>
    <Image Include="D:\Mario\Mario clone solution\rugga help\environment\score\200_1.png">
      <Filter>Image and Sound\environment\score</Filter>
    </Image>
    <Image Include="D:\Mario\Mario clone solution\rugga help\environment\score\200_2.png">
      <Filter>Image and Sound\environment\score</Filter>
    </Image>
    <Image Include="D:\Mario\Mario clone solution\rugga help\environment\score\200_3.png">
      <Filter>Image and Sound\environment\score</Filter>
    </Image>
    <Image Include="D:\Mario\Mario clone solution\rugga help\environment\score\200_4.png">
      <Filter>Image and Sound\environment\score</Filter>
    </Image>
    <Image Include="D:\Mario\Mario clone solution\rugga help\environment\score\200_5.png">
      <Filter>Image and Sound\environment\score</Filter>
    </Image>
    <Image Include="D:\Mario\Mario clone solution\rugga help\environment\score\200_6.png">
      <Filter>Image and Sound\environment\score</Filter>
    </Image>
    <Image Include="D:\Mario\Mario clone solution\rugga help\environment\score\200_7.png">
      <Filter>Image and Sound\environment\score</Filter>
    </Image>
    <Image Include="D:\Mario\Mario clone solution\rugga help\environment\score\200_8.png">
      <Filter>Image and Sound\environment\score</Filter>
    </Image>
    <Image Include="D:\Mario\Mario clone solution\rugga help\environment\score\200_9.png">
      <Filter>Image and Sound\environment\score</Filter>
    </Image>
    <Image Include="D:\Mario\Mario clone solution\rugga help\environment\score\200_10.png">
      <Filter>Image and Sound\environment\score</Filter>
    </Image>
    <Image Include="D:\Mario\Mario clone solution\rugga help\environment\score\200_11.png">
      <Filter>Image and Sound\environment\score</Filter>
    </Image>
    <Image Include="D:\Mario\Mario clone solution\rugga help\environment\score\1000_1.png">
      <Filter>Image and Sound\environment\score</Filter>
    </Image>
    <Image Include="D:\Mario\Mario clone solution\rugga help\environment\score\1000_2.png">
      <Filter>Image and Sound\environment\score</Filter>
    </Image>
    <Image Include="D:\Mario\Mario clone solution\rugga help\environment\score\1000_3.png">
      <Filter>Image and Sound\environment\score</Filter>
    </Image>
    <Image Include="D:\Mario\Mario clone solution\rugga help\environment\score\1000_4.png">
      <Filter>Image and Sound\environment\score</Filter>
    </Image>
    <Image Include="D:\Mario\Mario clone solution\rugga help\environment\score\1000_5.png">
      <Filter>Image and Sound\environment\score</Filter>
    </Image>
    <Image Include="D:\Mario\Mario clone solution\rugga help\environment\score\1000_6.png">
      <Filter>Image and Sound\environment\score</Filter>
    </Image>
    <Image Include="D:\Mario\Mario clone solution\rugga help\environment\score\1000_7.png">
      <Filter>Image and Sound\environment\score</Filter>
    </Image>
    <Image Include="D:\Mario\Mario clone solution\rugga help\environment\score\1000_8.png">
      <Filter>Image and Sound\environment\score</Filter>
    </Image>
    <Image Include="D:\Mario\Mario clone solution\rugga help\environment\score\1000_9.png">
      <Filter>Image and Sound\environment\score</Filter>
    </Image>
    <Image Include="D:\Mario\Mario clone solution\rugga help\environment\score\1000_10.png">
      <Filter>Image and Sound\environment\score</Filter>
    </Image>
    <Image Include="D:\Mario\Mario clone solution\rugga help\environment\score\1000_11.png">
      <Filter>Image and Sound\environment\score</Filter>
    </Image>
    <Image Include="D:\Mario\Mario clone solution\rugga help\environment\score\check_1.png">
      <Filter>Image and Sound\environment\score</Filter>
    </Image>
    <Image Include="D:\Mario\Mario clone solution\rugga help\environment\score\check_2.png">
      <Filter>Image and Sound\environment\score</Filter>
    </Image>
    <Image Include="D:\Mario\Mario clone solution\rugga help\environment\score\check_3.png">
      <Filter>Image and Sound\environment\score</Filter>
    </Image>
    <Image Include="D:\Mario\Mario clone solution\rugga help\environment\score\check_4.png">
      <Filter>Image and Sound\environment\score</Filter>
    </Image>
    <Image Include="D:\Mario\Mario clone solution\rugga help\environment\score\check_5.png">
      <Filter>Image and Sound\environment\score</Filter>
    </Image>
    <Image Include="D:\Mario\Mario clone solution\rugga help\environment\score\check_6.png">
      <Filter>Image and Sound\environment\score</Filter>
    </Image>
    <Image Include="D:\Mario\Mario clone solution\rugga help\environment\score\check_7.png">
      <Filter>Image and Sound\environment\score</Filter>
    </Image>
    <Image Include="D:\Mario\Mario clone solution\rugga help\environment\score\check_8.png">
      <Filter>Image and Sound\environment\score</Filter>
    </Image>
    <Image Include="D:\Mario\Mario clone solution\rugga help\Enemies\Piranha.gif">
      <Filter>Image and Sound\Enemies</Filter>
    </Image>
    <Image Include="D:\Mario\Mario clone solution\rugga help\Enemies\plantL1.png">
      <Filter>Image and Sound\Enemies</Filter>
    </Image>
    <Image Include="D:\Mario\Mario clone solution\rugga help\Enemies\plantL2.png">
      <Filter>Image and Sound\Enemies</Filter>
    </Image>
    <Image Include="D:\Mario\Mario clone solution\rugga help\Enemies\plantL3.png">
      <Filter>Image and Sound\Enemies</Filter>
    </Image>
    <Image Include="D:\Mario\Mario clone solution\rugga help\Enemies\plantL4.png">
      <Filter>Image and Sound\Enemies</Filter>
    </Image>
    <Image Include="D:\Mario\Mario clone solution\rugga help\Enemies\plantL5.png">
      <Filter>Image and Sound\Enemies</Filter>
    </Image>
    <Image Include="D:\Mario\Mario clone solution\rugga help\Enemies\plantL6.png">
      <Filter>Image and Sound\Enemies</Filter>
    </Image>
    <Image Include="D:\Mario\Mario clone solution\rugga help\Enemies\plantL7.png">
      <Filter>Image and Sound\Enemies</Filter>
    </Image>
    <Image Include="D:\Mario\Mario clone solution\rugga help\Enemies\plantL8.png">
      <Filter>Image and Sound\Enemies</Filter>
    </Image>
    <Image Include="D:\Mario\Mario clone solution\rugga help\Enemies\plantL9.png">
      <Filter>Image and Sound\Enemies</Filter>
    </Image>
    <Image Include="D:\Mario\Mario clone solution\rugga help\Enemies\plantL10.png">
      <Filter>Image and Sound\Enemies</Filter>
    </Image>
    <Image Include="D:\Mario\Mario clone solution\rugga help\Enemies\plantL11.png">
      <Filter>Image and Sound\Enemies</Filter>
    </Image>
    <Image Include="D:\Mario\Mario clone solution\rugga help\Enemies\plantL12.png">
      <Filter>Image and Sound\Enemies</Filter>
    </Image>
    <Image Include="D:\Mario\Mario clone solution\rugga help\Enemies\plantL12x1.png">
      <Filter>Image and Sound\Enemies</Filter>
    </Image>
    <Image Include="D:\Mario\Mario clone solution\rugga help\Enemies\plantL12x2.png">
      <Filter>Image and Sound\Enemies</Filter>
    </Image>
    <Image Include="D:\Mario\Mario clone solution\rugga help\Enemies\plantL12x3.png">
      <Filter>Image and Sound\Enemies</Filter>
    </Image>
    <Image Include="D:\Mario\Mario clone solution\rugga help\Enemies\plantL12x4.png">
      <Filter>Image and Sound\Enemies</Filter>
    </Image>
    <Image Include="D:\Mario\Mario clone solution\rugga help\Enemies\plantL12x5.png">
      <Filter>Image and Sound\Enemies</Filter>
    </Image>
    <Image Include="D:\Mario\Mario clone solution\rugga help\Enemies\plantL12x6.png">
      <Filter>Image and Sound\Enemies</Filter>
    </Image>
    <Image Include="D:\Mario\Mario clone solution\rugga help\Enemies\plantL12x7.png">
      <Filter>Image and Sound\Enemies</Filter>
    </Image>
    <Image Include="D:\Mario\Mario clone solution\rugga help\Enemies\plantL12x8.png">
      <Filter>Image and Sound\Enemies</Filter>
    </Image>
    <Image Include="D:\Mario\Mario clone solution\rugga help\Enemies\plantL12x9.png">
      <Filter>Image and Sound\Enemies</Filter>
    </Image>
    <Image Include="D:\Mario\Mario clone solution\rugga help\Enemies\plantL13.png">
      <Filter>Image and Sound\Enemies</Filter>
    </Image>
    <Image Include="D:\Mario\Mario clone solution\rugga help\Enemies\plantL14.png">
      <Filter>Image and Sound\Enemies</Filter>
    </Image>
    <Image Include="D:\Mario\Mario clone solution\rugga help\Enemies\plantL15.png">
      <Filter>Image and Sound\Enemies</Filter>
    </Image>
    <Image Include="D:\Mario\Mario clone solution\rugga help\Enemies\plantL16.png">
      <Filter>Image and Sound\Enemies</Filter>
    </Image>
    <Image Include="D:\Mario\Mario clone solution\rugga help\Enemies\plantL17.png">
      <Filter>Image and Sound\Enemies</Filter>
    </Image>
    <Image Include="D:\Mario\Mario clone solution\rugga help\Enemies\plantL18.png">
      <Filter>Image and Sound\Enemies</Filter>
    </Image>
    <Image Include="D:\Mario\Mario clone solution\rugga help\Enemies\plantL19.png">
      <Filter>Image and Sound\Enemies</Filter>
    </Image>
    <Image Include="D:\Mario\Mario clone solution\rugga help\Enemies\plantL20.png">
      <Filter>Image and Sound\Enemies</Filter>
    </Image>
    <Image Include="D:\Mario\Mario clone solution\rugga help\Enemies\plantL21.png">
      <Filter>Image and Sound\Enemies</Filter>
    </Image>
    <Image Include="D:\Mario\Mario clone solution\rugga help\Enemies\plantL22.png">
      <Filter>Image and Sound\Enemies</Filter>
    </Image>
    <Image Include="D:\Mario\Mario clone solution\rugga help\Enemies\plantR1.png">
      <Filter>Image and Sound\Enemies</Filter>
    </Image>
    <Image Include="D:\Mario\Mario clone solution\rugga help\Enemies\plantR2.png">
      <Filter>Image and Sound\Enemies</Filter>
    </Image>
    <Image Include="D:\Mario\Mario clone solution\rugga help\Enemies\plantR3.png">
      <Filter>Image and Sound\Enemies</Filter>
    </Image>
    <Image Include="D:\Mario\Mario clone solution\rugga help\Enemies\plantR4.png">
      <Filter>Image and Sound\Enemies</Filter>
    </Image>
    <Image Include="D:\Mario\Mario clone solution\rugga help\Enemies\plantR5.png">
      <Filter>Image and Sound\Enemies</Filter>
    </Image>
    <Image Include="D:\Mario\Mario clone solution\rugga help\Enemies\plantR6.png">
      <Filter>Image and Sound\Enemies</Filter>
    </Image>
    <Image Include="D:\Mario\Mario clone solution\rugga help\Enemies\plantR7.png">
      <Filter>Image and Sound\Enemies</Filter>
    </Image>
    <Image Include="D:\Mario\Mario clone solution\rugga help\Enemies\plantR8.png">
      <Filter>Image and Sound\Enemies</Filter>
    </Image>
    <Image Include="D:\Mario\Mario clone solution\rugga help\Enemies\plantR9.png">
      <Filter>Image and Sound\Enemies</Filter>
    </Image>
    <Image Include="D:\Mario\Mario clone solution\rugga help\Enemies\plantR10.png">
      <Filter>Image and Sound\Enemies</Filter>
    </Image>
    <Image Include="D:\Mario\Mario clone solution\rugga help\Enemies\plantR11.png">
      <Filter>Image and Sound\Enemies</Filter>
    </Image>
    <Image Include="D:\Mario\Mario clone solution\rugga help\Enemies\plantR12.png">
      <Filter>Image and Sound\Enemies</Filter>
    </Image>
    <Image Include="D:\Mario\Mario clone solution\rugga help\Enemies\plantR12x1.png">
      <Filter>Image and Sound\Enemies</Filter>
    </Image>
    <Image Include="D:\Mario\Mario clone solution\rugga help\Enemies\plantR12x2.png">
      <Filter>Image and Sound\Enemies</Filter>
    </Image>
    <Image Include="D:\Mario\Mario clone solution\rugga help\Enemies\plantR12x3.png">
      <Filter>Image and Sound\Enemies</Filter>
    </Image>
    <Image Include="D:\Mario\Mario clone solution\rugga help\Enemies\plantR12x4.png">
      <Filter>Image and Sound\Enemies</Filter>
    </Image>
    <Image Include="D:\Mario\Mario clone solution\rugga help\Enemies\plantR12x5.png">
      <Filter>Image and Sound\Enemies</Filter>
    </Image>
    <Image Include="D:\Mario\Mario clone solution\rugga help\Enemies\plantR12x6.png">
      <Filter>Image and Sound\Enemies</Filter>
    </Image>
    <Image Include="D:\Mario\Mario clone solution\rugga help\Enemies\plantR12x7.png">
      <Filter>Image and Sound\Enemies</Filter>
    </Image>
    <Image Include="D:\Mario\Mario clone solution\rugga help\Enemies\plantR12x8.png">
      <Filter>Image and Sound\Enemies</Filter>
    </Image>
    <Image Include="D:\Mario\Mario clone solution\rugga help\Enemies\plantR12x9.png">
      <Filter>Image and Sound\Enemies</Filter>
    </Image>
    <Image Include="D:\Mario\Mario clone solution\rugga help\Enemies\plantR13.png">
      <Filter>Image and Sound\Enemies</Filter>
    </Image>
    <Image Include="D:\Mario\Mario clone solution\rugga help\Enemies\plantR14.png">
      <Filter>Image and Sound\Enemies</Filter>
    </Image>
    <Image Include="D:\Mario\Mario clone solution\rugga help\Enemies\plantR15.png">
      <Filter>Image and Sound\Enemies</Filter>
    </Image>
    <Image Include="D:\Mario\Mario clone solution\rugga help\Enemies\plantR16.png">
      <Filter>Image and Sound\Enemies</Filter>
    </Image>
    <Image Include="D:\Mario\Mario clone solution\rugga help\Enemies\plantR17.png">
      <Filter>Image and Sound\Enemies</Filter>
    </Image>
    <Image Include="D:\Mario\Mario clone solution\rugga help\Enemies\plantR18.png">
      <Filter>Image and Sound\Enemies</Filter>
    </Image>
    <Image Include="D:\Mario\Mario clone solution\rugga help\Enemies\plantR19.png">
      <Filter>Image and Sound\Enemies</Filter>
    </Image>
    <Image Include="D:\Mario\Mario clone solution\rugga help\Enemies\plantR20.png">
      <Filter>Image and Sound\Enemies</Filter>
    </Image>
    <Image Include="D:\Mario\Mario clone solution\rugga help\Enemies\plantR21.png">
      <Filter>Image and Sound\Enemies</Filter>
    </Image>
    <Image Include="D:\Mario\Mario clone solution\rugga help\Enemies\plantR22.png">
      <Filter>Image and Sound\Enemies</Filter>
    </Image>
    <Image Include="D:\Mario\Mario clone solution\rugga help\Enemies\Goomba\Goomba.png">
      <Filter>Image and Sound\Enemies\Goomba</Filter>
    </Image>
    <Image Include="D:\Mario\Mario clone solution\rugga help\Enemies\Goomba\goomba1.png">
      <Filter>Image and Sound\Enemies\Goomba</Filter>
    </Image>
    <Image Include="D:\Mario\Mario clone solution\rugga help\Enemies\Goomba\goomba2.png">
      <Filter>Image and Sound\Enemies\Goomba</Filter>
    </Image>
    <Image Include="D:\Mario\Mario clone solution\rugga help\Enemies\Goomba\goomba3 (2).png">
      <Filter>Image and Sound\Enemies\Goomba</Filter>
    </Image>
    <Image Include="D:\Mario\Mario clone solution\rugga help\Enemies\Goomba\goomba3.png">
      <Filter>Image and Sound\Enemies\Goomba</Filter>
    </Image>
    <Image Include="D:\Mario\Mario clone solution\rugga help\Enemies\Goomba\goomba4.png">
      <Filter>Image and Sound\Enemies\Goomba</Filter>
    </Image>
    <Image Include="D:\Mario\Mario clone solution\rugga help\Enemies\Goomba\goomba5.png">
      <Filter>Image and Sound\Enemies\Goomba</Filter>
    </Image>
    <Image Include="D:\Mario\Mario clone solution\rugga help\Enemies\Goomba\goomba6.png">
      <Filter>Image and Sound\Enemies\Goomba</Filter>
    </Image>
    <Image Include="D:\Mario\Mario clone solution\rugga help\Enemies\Goomba\goomba7.png">
      <Filter>Image and Sound\Enemies\Goomba</Filter>
    </Image>
    <Image Include="D:\Mario\Mario clone solution\rugga help\Enemies\Goomba\GoombaDeath1.png">
      <Filter>Image and Sound\Enemies\Goomba</Filter>
    </Image>
    <Image Include="D:\Mario\Mario clone solution\rugga help\Enemies\Modified\Piranha.gif">
      <Filter>Image and Sound\Enemies\Modified</Filter>
    </Image>
    <Image Include="D:\Mario\Mario clone solution\rugga help\Enemies\Modified\plant_002.png">
      <Filter>Image and Sound\Enemies\Modified</Filter>
    </Image>
    <Image Include="D:\Mario\Mario clone solution\rugga help\Enemies\Modified\plant_003.png">
      <Filter>Image and Sound\Enemies\Modified</Filter>
    </Image>
    <Image Include="D:\Mario\Mario clone solution\rugga help\Enemies\Modified\plant_004.png">
      <Filter>Image and Sound\Enemies\Modified</Filter>
    </Image>
    <Image Include="D:\Mario\Mario clone solution\rugga help\Enemies\Modified\plant_005.png">
      <Filter>Image and Sound\Enemies\Modified</Filter>
    </Image>
    <Image Include="D:\Mario\Mario clone solution\rugga help\Enemies\Modified\plant_006.png">
      <Filter>Image and Sound\Enemies\Modified</Filter>
    </Image>
    <Image Include="D:\Mario\Mario clone solution\rugga help\Enemies\Modified\plant_007.png">
      <Filter>Image and Sound\Enemies\Modified</Filter>
    </Image>
    <Image Include="D:\Mario\Mario clone solution\rugga help\Enemies\Modified\plant_008.png">
      <Filter>Image and Sound\Enemies\Modified</Filter>
    </Image>
    <Image Include="D:\Mario\Mario clone solution\rugga help\Enemies\Modified\plant_009.png">
      <Filter>Image and Sound\Enemies\Modified</Filter>
    </Image>
    <Image Include="D:\Mario\Mario clone solution\rugga help\Enemies\Modified\plant_010.png">
      <Filter>Image and Sound\Enemies\Modified</Filter>
    </Image>
  </ItemGroup>
  <ItemGroup>
    <Media Include="D:\Mario\Mario clone solution\rugga help\Sounds\break block.wav">
      <Filter>Image and Sound\Sounds</Filter>
    </Media>
    <Media Include="D:\Mario\Mario clone solution\rugga help\Sounds\bump.wav">
      <Filter>Image and Sound\Sounds</Filter>
    </Media>
    <Media Include="D:\Mario\Mario clone solution\rugga help\Sounds\checkpoint 1.wav">
      <Filter>Image and Sound\Sounds</Filter>
    </Media>
    <Media Include="D:\Mario\Mario clone solution\rugga help\Sounds\clear level.wav">
      <Filter>Image and Sound\Sounds</Filter>
    </Media>
    <Media Include="D:\Mario\Mario clone solution\rugga help\Sounds\coin.wav">
      <Filter>Image and Sound\Sounds</Filter>
    </Media>
    <Media Include="D:\Mario\Mario clone solution\rugga help\Sounds\Death.wav">
      <Filter>Image and Sound\Sounds</Filter>
    </Media>
    <Media Include="D:\Mario\Mario clone solution\rugga help\Sounds\EnemyStomp.wav">
      <Filter>Image and Sound\Sounds</Filter>
    </Media>
    <Media Include="D:\Mario\Mario clone solution\rugga help\Sounds\Flag pole.wav">
      <Filter>Image and Sound\Sounds</Filter>
    </Media>
    <Media Include="D:\Mario\Mario clone solution\rugga help\Sounds\Flower appear.wav">
      <Filter>Image and Sound\Sounds</Filter>
    </Media>
    <Media Include="D:\Mario\Mario clone solution\rugga help\Sounds\FlowerPickup.wav">
      <Filter>Image and Sound\Sounds</Filter>
    </Media>
    <Media Include="D:\Mario\Mario clone solution\rugga help\Sounds\Hammer hit sound.wav">
      <Filter>Image and Sound\Sounds</Filter>
    </Media>
    <Media Include="D:\Mario\Mario clone solution\rugga help\Sounds\jump.wav">
      <Filter>Image and Sound\Sounds</Filter>
    </Media>
    <Media Include="D:\Mario\Mario clone solution\rugga help\Sounds\life.wav">
      <Filter>Image and Sound\Sounds</Filter>
    </Media>
    <Media Include="D:\Mario\Mario clone solution\rugga help\Sounds\Main Theme.wav">
      <Filter>Image and Sound\Sounds</Filter>
    </Media>
    <Media Include="D:\Mario\Mario clone solution\rugga help\Sounds\Mario Hammer.wav">
      <Filter>Image and Sound\Sounds</Filter>
    </Media>
    <Media Include="D:\Mario\Mario clone solution\rugga help\Sounds\Mario miss sound.wav">
      <Filter>Image and Sound\Sounds</Filter>
    </Media>
    <Media Include="D:\Mario\Mario clone solution\rugga help\Sounds\Pick up powerup.wav">
      <Filter>Image and Sound\Sounds</Filter>
    </Media>
    <Media Include="D:\Mario\Mario clone solution\rugga help\Sounds\PipeAndDamage.wav">
      <Filter>Image and Sound\Sounds</Filter>
    </Media>
    <Media Include="D:\Mario\Mario clone solution\rugga help\Sounds\plant crunch.wav">
      <Filter>Image and Sound\Sounds</Filter>
    </Media>
    <Media Include="D:\Mario\Mario clone solution\rugga help\Sounds\Time warning.wav">
      <Filter>Image and Sound\Sounds</Filter>
    </Media>
  </ItemGroup>
</Project>